{
  "name": "Arctic_Media",
  "lockfileVersion": 3,
  "requires": true,
  "packages": {
    "": {
      "dependencies": {
        "expo-video": "^3.0.12"
      }
    },
    "node_modules/expo-video": {
      "version": "3.0.12",
      "resolved": "https://registry.npmjs.org/expo-video/-/expo-video-3.0.12.tgz",
      "integrity": "sha512-L+E+zmNp3RxUBk2ugMSjxVposP70uIgGCZio5PiiUXme2KQ1eAEta2vcUPWrf4a+udrp6Xzr7bO1H9vkUXF3pg==",
      "license": "MIT",
      "peerDependencies": {
        "expo": "*",
        "react": "*",
        "react-native": "*"
      }
    }
  }
}
